
Microsoft Visual Studio Solution File, Format Version 12.00
# Visual Studio Version 17
VisualStudioVersion = 17.2.32630.192
MinimumVisualStudioVersion = 10.0.40219.1
Project("{FAE04EC0-301F-11D3-BF4B-00C04F79EFBC}") = "SendingEmail", "SendingEmail\SendingEmail.csproj", "{A082DFCF-1B89-4A09-9B44-B5F00B3A8EB1}"
EndProject
Global
	GlobalSection(SolutionConfigurationPlatforms) = preSolution
		Debug|Any CPU = Debug|Any CPU
		Release|Any CPU = Release|Any CPU
	EndGlobalSection
	GlobalSection(ProjectConfigurationPlatforms) = postSolution
		{A082DFCF-1B89-4A09-9B44-B5F00B3A8EB1}.Debug|Any CPU.ActiveCfg = Debug|Any CPU
		{A082DFCF-1B89-4A09-9B44-B5F00B3A8EB1}.Debug|Any CPU.Build.0 = Debug|Any CPU
		{A082DFCF-1B89-4A09-9B44-B5F00B3A8EB1}.Release|Any CPU.ActiveCfg = Release|Any CPU
		{A082DFCF-1B89-4A09-9B44-B5F00B3A8EB1}.Release|Any CPU.Build.0 = Release|Any CPU
	EndGlobalSection
	GlobalSection(SolutionProperties) = preSolution
		HideSolutionNode = FALSE
	EndGlobalSection
	GlobalSection(ExtensibilityGlobals) = postSolution
		SolutionGuid = {EF356EF8-79FA-4751-942D-42A02E22BE31}
	EndGlobalSection
EndGlobal
